
Microsoft Visual Studio Solution File, Format Version 12.00
# Visual Studio Version 16
VisualStudioVersion = 16.0.31410.357
MinimumVisualStudioVersion = 10.0.40219.1
Project("{FAE04EC0-301F-11D3-BF4B-00C04F79EFBC}") = "Client", "Client\Client.csproj", "{59960A0B-021A-449C-900F-ECC0D0202EC9}"
EndProject
Project("{FAE04EC0-301F-11D3-BF4B-00C04F79EFBC}") = "Server", "Server\Server.csproj", "{EB060D2E-1A5C-4183-9F2D-910DF0319C74}"
EndProject
Global
	GlobalSection(SolutionConfigurationPlatforms) = preSolution
		Debug|Any CPU = Debug|Any CPU
		Release|Any CPU = Release|Any CPU
	EndGlobalSection
	GlobalSection(ProjectConfigurationPlatforms) = postSolution
		{59960A0B-021A-449C-900F-ECC0D0202EC9}.Debug|Any CPU.ActiveCfg = Debug|Any CPU
		{59960A0B-021A-449C-900F-ECC0D0202EC9}.Debug|Any CPU.Build.0 = Debug|Any CPU
		{59960A0B-021A-449C-900F-ECC0D0202EC9}.Release|Any CPU.ActiveCfg = Release|Any CPU
		{59960A0B-021A-449C-900F-ECC0D0202EC9}.Release|Any CPU.Build.0 = Release|Any CPU
		{EB060D2E-1A5C-4183-9F2D-910DF0319C74}.Debug|Any CPU.ActiveCfg = Debug|Any CPU
		{EB060D2E-1A5C-4183-9F2D-910DF0319C74}.Debug|Any CPU.Build.0 = Debug|Any CPU
		{EB060D2E-1A5C-4183-9F2D-910DF0319C74}.Release|Any CPU.ActiveCfg = Release|Any CPU
		{EB060D2E-1A5C-4183-9F2D-910DF0319C74}.Release|Any CPU.Build.0 = Release|Any CPU
	EndGlobalSection
	GlobalSection(SolutionProperties) = preSolution
		HideSolutionNode = FALSE
	EndGlobalSection
	GlobalSection(ExtensibilityGlobals) = postSolution
		SolutionGuid = {8F96671A-5653-44F7-8BA4-603E79940F31}
	EndGlobalSection
EndGlobal
